
Microsoft Visual Studio Solution File, Format Version 12.00
# Visual Studio 14
VisualStudioVersion = 14.0.23107.0
MinimumVisualStudioVersion = 10.0.40219.1
Project("{FAE04EC0-301F-11D3-BF4B-00C04F79EFBC}") = "RedditClient", "RedditClient\RedditClient.csproj", "{A2534E3E-1A11-4E6A-9379-B62A28751E3B}"
EndProject
Project("{FAE04EC0-301F-11D3-BF4B-00C04F79EFBC}") = "RedditApi", "RedditApi\RedditApi.csproj", "{65E37CDA-B6AB-426D-BA2D-E5D5D00E2D35}"
EndProject
Global
	GlobalSection(SolutionConfigurationPlatforms) = preSolution
		Debug|Any CPU = Debug|Any CPU
		Debug|ARM = Debug|ARM
		Debug|x64 = Debug|x64
		Debug|x86 = Debug|x86
		Release|Any CPU = Release|Any CPU
		Release|ARM = Release|ARM
		Release|x64 = Release|x64
		Release|x86 = Release|x86
	EndGlobalSection
	GlobalSection(ProjectConfigurationPlatforms) = postSolution
		{A2534E3E-1A11-4E6A-9379-B62A28751E3B}.Debug|Any CPU.ActiveCfg = Debug|x86
		{A2534E3E-1A11-4E6A-9379-B62A28751E3B}.Debug|ARM.ActiveCfg = Debug|ARM
		{A2534E3E-1A11-4E6A-9379-B62A28751E3B}.Debug|ARM.Build.0 = Debug|ARM
		{A2534E3E-1A11-4E6A-9379-B62A28751E3B}.Debug|ARM.Deploy.0 = Debug|ARM
		{A2534E3E-1A11-4E6A-9379-B62A28751E3B}.Debug|x64.ActiveCfg = Debug|x64
		{A2534E3E-1A11-4E6A-9379-B62A28751E3B}.Debug|x64.Build.0 = Debug|x64
		{A2534E3E-1A11-4E6A-9379-B62A28751E3B}.Debug|x64.Deploy.0 = Debug|x64
		{A2534E3E-1A11-4E6A-9379-B62A28751E3B}.Debug|x86.ActiveCfg = Debug|x86
		{A2534E3E-1A11-4E6A-9379-B62A28751E3B}.Debug|x86.Build.0 = Debug|x86
		{A2534E3E-1A11-4E6A-9379-B62A28751E3B}.Debug|x86.Deploy.0 = Debug|x86
		{A2534E3E-1A11-4E6A-9379-B62A28751E3B}.Release|Any CPU.ActiveCfg = Release|x86
		{A2534E3E-1A11-4E6A-9379-B62A28751E3B}.Release|ARM.ActiveCfg = Release|ARM
		{A2534E3E-1A11-4E6A-9379-B62A28751E3B}.Release|ARM.Build.0 = Release|ARM
		{A2534E3E-1A11-4E6A-9379-B62A28751E3B}.Release|ARM.Deploy.0 = Release|ARM
		{A2534E3E-1A11-4E6A-9379-B62A28751E3B}.Release|x64.ActiveCfg = Release|x64
		{A2534E3E-1A11-4E6A-9379-B62A28751E3B}.Release|x64.Build.0 = Release|x64
		{A2534E3E-1A11-4E6A-9379-B62A28751E3B}.Release|x64.Deploy.0 = Release|x64
		{A2534E3E-1A11-4E6A-9379-B62A28751E3B}.Release|x86.ActiveCfg = Release|x86
		{A2534E3E-1A11-4E6A-9379-B62A28751E3B}.Release|x86.Build.0 = Release|x86
		{A2534E3E-1A11-4E6A-9379-B62A28751E3B}.Release|x86.Deploy.0 = Release|x86
		{65E37CDA-B6AB-426D-BA2D-E5D5D00E2D35}.Debug|Any CPU.ActiveCfg = Debug|Any CPU
		{65E37CDA-B6AB-426D-BA2D-E5D5D00E2D35}.Debug|Any CPU.Build.0 = Debug|Any CPU
		{65E37CDA-B6AB-426D-BA2D-E5D5D00E2D35}.Debug|ARM.ActiveCfg = Debug|ARM
		{65E37CDA-B6AB-426D-BA2D-E5D5D00E2D35}.Debug|ARM.Build.0 = Debug|ARM
		{65E37CDA-B6AB-426D-BA2D-E5D5D00E2D35}.Debug|x64.ActiveCfg = Debug|x64
		{65E37CDA-B6AB-426D-BA2D-E5D5D00E2D35}.Debug|x64.Build.0 = Debug|x64
		{65E37CDA-B6AB-426D-BA2D-E5D5D00E2D35}.Debug|x86.ActiveCfg = Debug|x86
		{65E37CDA-B6AB-426D-BA2D-E5D5D00E2D35}.Debug|x86.Build.0 = Debug|x86
		{65E37CDA-B6AB-426D-BA2D-E5D5D00E2D35}.Release|Any CPU.ActiveCfg = Release|Any CPU
		{65E37CDA-B6AB-426D-BA2D-E5D5D00E2D35}.Release|Any CPU.Build.0 = Release|Any CPU
		{65E37CDA-B6AB-426D-BA2D-E5D5D00E2D35}.Release|ARM.ActiveCfg = Release|ARM
		{65E37CDA-B6AB-426D-BA2D-E5D5D00E2D35}.Release|ARM.Build.0 = Release|ARM
		{65E37CDA-B6AB-426D-BA2D-E5D5D00E2D35}.Release|x64.ActiveCfg = Release|x64
		{65E37CDA-B6AB-426D-BA2D-E5D5D00E2D35}.Release|x64.Build.0 = Release|x64
		{65E37CDA-B6AB-426D-BA2D-E5D5D00E2D35}.Release|x86.ActiveCfg = Release|x86
		{65E37CDA-B6AB-426D-BA2D-E5D5D00E2D35}.Release|x86.Build.0 = Release|x86
	EndGlobalSection
	GlobalSection(SolutionProperties) = preSolution
		HideSolutionNode = FALSE
	EndGlobalSection
EndGlobal
